
Microsoft Visual Studio Solution File, Format Version 12.00
# Visual Studio 2013
VisualStudioVersion = 12.0.31101.0
MinimumVisualStudioVersion = 10.0.40219.1
Project("{FAE04EC0-301F-11D3-BF4B-00C04F79EFBC}") = "PaySimpleSdk", "PaySimpleSdk\PaySimpleSdk.csproj", "{4E324D76-00AC-4A62-ACEF-FD6619D4FCFA}"
EndProject
Project("{FAE04EC0-301F-11D3-BF4B-00C04F79EFBC}") = "PaySimpleSdkTests", "PaySimpleSdkTests\PaySimpleSdkTests.csproj", "{D507739E-C673-4FD6-B9CF-A0520C2A6C9B}"
EndProject
Project("{FAE04EC0-301F-11D3-BF4B-00C04F79EFBC}") = "TestHarness", "TestHarness\TestHarness.csproj", "{8A80619B-694A-468D-A19C-100F66B52CC6}"
EndProject
Project("{2150E333-8FDC-42A3-9474-1A3956D46DE8}") = "Solution Items", "Solution Items", "{FB4D9F39-4499-45E1-AF94-1B6D6A3B270F}"
	ProjectSection(SolutionItems) = preProject
		..\build.ps1 = ..\build.ps1
		..\buildtasks.ps1 = ..\buildtasks.ps1
		.nuget\packages.config = .nuget\packages.config
		PaySimpleSdk.nuspec = PaySimpleSdk.nuspec
	EndProjectSection
EndProject
Global
	GlobalSection(SolutionConfigurationPlatforms) = preSolution
		Debug|Any CPU = Debug|Any CPU
		Release|Any CPU = Release|Any CPU
	EndGlobalSection
	GlobalSection(ProjectConfigurationPlatforms) = postSolution
		{4E324D76-00AC-4A62-ACEF-FD6619D4FCFA}.Debug|Any CPU.ActiveCfg = Debug|Any CPU
		{4E324D76-00AC-4A62-ACEF-FD6619D4FCFA}.Debug|Any CPU.Build.0 = Debug|Any CPU
		{4E324D76-00AC-4A62-ACEF-FD6619D4FCFA}.Release|Any CPU.ActiveCfg = Release|Any CPU
		{4E324D76-00AC-4A62-ACEF-FD6619D4FCFA}.Release|Any CPU.Build.0 = Release|Any CPU
		{D507739E-C673-4FD6-B9CF-A0520C2A6C9B}.Debug|Any CPU.ActiveCfg = Debug|Any CPU
		{D507739E-C673-4FD6-B9CF-A0520C2A6C9B}.Debug|Any CPU.Build.0 = Debug|Any CPU
		{D507739E-C673-4FD6-B9CF-A0520C2A6C9B}.Release|Any CPU.ActiveCfg = Release|Any CPU
		{D507739E-C673-4FD6-B9CF-A0520C2A6C9B}.Release|Any CPU.Build.0 = Release|Any CPU
		{8A80619B-694A-468D-A19C-100F66B52CC6}.Debug|Any CPU.ActiveCfg = Debug|Any CPU
		{8A80619B-694A-468D-A19C-100F66B52CC6}.Debug|Any CPU.Build.0 = Debug|Any CPU
		{8A80619B-694A-468D-A19C-100F66B52CC6}.Release|Any CPU.ActiveCfg = Release|Any CPU
		{8A80619B-694A-468D-A19C-100F66B52CC6}.Release|Any CPU.Build.0 = Release|Any CPU
	EndGlobalSection
	GlobalSection(SolutionProperties) = preSolution
		HideSolutionNode = FALSE
	EndGlobalSection
EndGlobal
